
Microsoft Visual Studio Solution File, Format Version 12.00
# Visual Studio Version 17
VisualStudioVersion = 17.14.36429.23
MinimumVisualStudioVersion = 10.0.40219.1
Project("{2150E333-8FDC-42A3-9474-1A3956D46DE8}") = "Task0", "Task0", "{02EA681E-C7D8-13C7-8484-4AC65E1B71E8}"
EndProject
Project("{FAE04EC0-301F-11D3-BF4B-00C04F79EFBC}") = "Tyuiu.UsoltsevGP.Sprint4.Task0.V17", "Tyuiu.UsoltsevGP.Sprint4.Task0.V17\Tyuiu.UsoltsevGP.Sprint4.Task0.V17.csproj", "{23598980-98C9-458D-AA06-43FF989CC340}"
EndProject
Project("{FAE04EC0-301F-11D3-BF4B-00C04F79EFBC}") = "Tyuiu.UsoltsevGP.Sprint4.Task0.V17.Lib", "Tyuiu.UsoltsevGP.Sprint4.Task0.V17.Lib\Tyuiu.UsoltsevGP.Sprint4.Task0.V17.Lib.csproj", "{53420006-DD22-46DA-9277-0643E7F557F4}"
EndProject
Project("{FAE04EC0-301F-11D3-BF4B-00C04F79EFBC}") = "Tyuiu.UsoltsevGP.Sprint4.Task0.V17.Test", "Tyuiu.UsoltsevGP.Sprint4.Task0.V17.Test\Tyuiu.UsoltsevGP.Sprint4.Task0.V17.Test.csproj", "{B60E7C03-B5B7-488C-A258-835CC76A59A2}"
EndProject
Project("{2150E333-8FDC-42A3-9474-1A3956D46DE8}") = "Task1", "Task1", "{94B6C765-2A64-40A2-BA43-84B7C000C476}"
EndProject
Project("{FAE04EC0-301F-11D3-BF4B-00C04F79EFBC}") = "Tyuiu.UsoltsevGP.Sprint4.Task1.V28", "Tyuiu.UsoltsevGP.Sprint4.Task1.V28\Tyuiu.UsoltsevGP.Sprint4.Task1.V28.csproj", "{8409C578-8697-410A-A323-EC74EE677D10}"
EndProject
Project("{FAE04EC0-301F-11D3-BF4B-00C04F79EFBC}") = "Tyuiu.UsoltsevGP.Sprint4.Task1.V28.Lib", "Tyuiu.UsoltsevGP.Sprint4.Task1.V28.Lib\Tyuiu.UsoltsevGP.Sprint4.Task1.V28.Lib.csproj", "{D3FED82F-A927-4EAB-BBDF-F79016C81E20}"
EndProject
Project("{FAE04EC0-301F-11D3-BF4B-00C04F79EFBC}") = "Tyuiu.UsoltsevGP.Sprint4.Task1.V28.Test", "Tyuiu.UsoltsevGP.Sprint4.Task1.V28.Test\Tyuiu.UsoltsevGP.Sprint4.Task1.V28.Test.csproj", "{9363B8D5-E39F-4CFF-89B5-3C33EF64AECF}"
EndProject
Project("{2150E333-8FDC-42A3-9474-1A3956D46DE8}") = "Task2", "Task2", "{923924A3-2F9E-49D0-ABB6-CA550778059F}"
EndProject
Project("{FAE04EC0-301F-11D3-BF4B-00C04F79EFBC}") = "Tyuiu.UsoltsevGP.Sprint4.Task2.V23", "Tyuiu.UsoltsevGP.Sprint4.Task2.V23\Tyuiu.UsoltsevGP.Sprint4.Task2.V23.csproj", "{BB309E27-25B1-43C7-A5DC-A7E461B16886}"
EndProject
Project("{FAE04EC0-301F-11D3-BF4B-00C04F79EFBC}") = "Tyuiu.UsoltsevGP.Sprint4.Task2.V23.Lib", "Tyuiu.UsoltsevGP.Sprint4.Task2.V23.Lib\Tyuiu.UsoltsevGP.Sprint4.Task2.V23.Lib.csproj", "{04BD6243-E581-4675-A7D8-7915C884A666}"
EndProject
Project("{FAE04EC0-301F-11D3-BF4B-00C04F79EFBC}") = "Tyuiu.UsoltsevGP.Sprint4.Task2.V23.Test", "Tyuiu.UsoltsevGP.Sprint4.Task2.V23.Test\Tyuiu.UsoltsevGP.Sprint4.Task2.V23.Test.csproj", "{871AB274-6C9F-4F3B-83CA-5ADB7E811E63}"
EndProject
Project("{2150E333-8FDC-42A3-9474-1A3956D46DE8}") = "Task3", "Task3", "{D9332809-270C-415B-BDB7-CBF929467CE2}"
EndProject
Project("{FAE04EC0-301F-11D3-BF4B-00C04F79EFBC}") = "Tyuiu.UsoltsevGP.Sprint4.Task3.V4", "Tyuiu.UsoltsevGP.Sprint4.Task3.V4\Tyuiu.UsoltsevGP.Sprint4.Task3.V4.csproj", "{3260E683-874D-497F-AF2D-1C0BB02AB832}"
EndProject
Project("{FAE04EC0-301F-11D3-BF4B-00C04F79EFBC}") = "Tyuiu.UsoltsevGP.Sprint4.Task3.V4.Lib", "Tyuiu.UsoltsevGP.Sprint4.Task3.V4.Lib\Tyuiu.UsoltsevGP.Sprint4.Task3.V4.Lib.csproj", "{4F70525D-44C3-4F45-8783-0242E4DA6166}"
EndProject
Project("{FAE04EC0-301F-11D3-BF4B-00C04F79EFBC}") = "Tyuiu.UsoltsevGP.Sprint4.Task3.V4.Test", "Tyuiu.UsoltsevGP.Sprint4.Task3.V4.Test\Tyuiu.UsoltsevGP.Sprint4.Task3.V4.Test.csproj", "{0BD6B4EC-BE45-4C7D-82ED-282CD96F1F2D}"
EndProject
Project("{2150E333-8FDC-42A3-9474-1A3956D46DE8}") = "Task4", "Task4", "{5AA86065-4313-443A-9A4D-7F373FF228DD}"
EndProject
Project("{FAE04EC0-301F-11D3-BF4B-00C04F79EFBC}") = "Tyuiu.UsoltsevGP.Sprint4.Task4.V23", "Tyuiu.UsoltsevGP.Sprint4.Task4.V23\Tyuiu.UsoltsevGP.Sprint4.Task4.V23.csproj", "{765027BC-51C6-4564-9A90-9D63CB10B9C7}"
EndProject
Project("{FAE04EC0-301F-11D3-BF4B-00C04F79EFBC}") = "Tyuiu.UsoltsevGP.Sprint4.Task4.V23.Lib", "Tyuiu.UsoltsevGP.Sprint4.Task4.V23.Lib\Tyuiu.UsoltsevGP.Sprint4.Task4.V23.Lib.csproj", "{8AFB56A0-3145-4D91-9805-8F358551CF05}"
EndProject
Project("{FAE04EC0-301F-11D3-BF4B-00C04F79EFBC}") = "Tyuiu.UsoltsevGP.Sprint4.Task4.V23.Test", "Tyuiu.UsoltsevGP.Sprint4.Task4.V23.Test\Tyuiu.UsoltsevGP.Sprint4.Task4.V23.Test.csproj", "{7AA57369-7882-4300-939E-3B6445ED1057}"
EndProject
Project("{2150E333-8FDC-42A3-9474-1A3956D46DE8}") = "Task5", "Task5", "{14CBEF18-23F9-4BCC-B6FC-90DD8FB55EA2}"
EndProject
Project("{FAE04EC0-301F-11D3-BF4B-00C04F79EFBC}") = "Tyuiu.UsoltsevGP.Sprint4.Task5.V11", "Tyuiu.UsoltsevGP.Sprint4.Task5.V11\Tyuiu.UsoltsevGP.Sprint4.Task5.V11.csproj", "{EBE832EE-CBC5-47E0-ACC4-FBD3C491F66B}"
EndProject
Project("{FAE04EC0-301F-11D3-BF4B-00C04F79EFBC}") = "Tyuiu.UsoltsevGP.Sprint4.Task5.V11.Lib", "Tyuiu.UsoltsevGP.Sprint4.Task5.V11.Lib\Tyuiu.UsoltsevGP.Sprint4.Task5.V11.Lib.csproj", "{05D91196-25E2-4115-B902-E8BA7AA26BD0}"
EndProject
Project("{FAE04EC0-301F-11D3-BF4B-00C04F79EFBC}") = "Tyuiu.UsoltsevGP.Sprint4.Task5.V11.Test", "Tyuiu.UsoltsevGP.Sprint4.Task5.V11.Test\Tyuiu.UsoltsevGP.Sprint4.Task5.V11.Test.csproj", "{B0066B3C-740E-4F08-BCA0-2D5CAFEABED1}"
EndProject
Global
	GlobalSection(SolutionConfigurationPlatforms) = preSolution
		Debug|Any CPU = Debug|Any CPU
		Release|Any CPU = Release|Any CPU
	EndGlobalSection
	GlobalSection(ProjectConfigurationPlatforms) = postSolution
		{23598980-98C9-458D-AA06-43FF989CC340}.Debug|Any CPU.ActiveCfg = Debug|Any CPU
		{23598980-98C9-458D-AA06-43FF989CC340}.Debug|Any CPU.Build.0 = Debug|Any CPU
		{23598980-98C9-458D-AA06-43FF989CC340}.Release|Any CPU.ActiveCfg = Release|Any CPU
		{23598980-98C9-458D-AA06-43FF989CC340}.Release|Any CPU.Build.0 = Release|Any CPU
		{53420006-DD22-46DA-9277-0643E7F557F4}.Debug|Any CPU.ActiveCfg = Debug|Any CPU
		{53420006-DD22-46DA-9277-0643E7F557F4}.Debug|Any CPU.Build.0 = Debug|Any CPU
		{53420006-DD22-46DA-9277-0643E7F557F4}.Release|Any CPU.ActiveCfg = Release|Any CPU
		{53420006-DD22-46DA-9277-0643E7F557F4}.Release|Any CPU.Build.0 = Release|Any CPU
		{B60E7C03-B5B7-488C-A258-835CC76A59A2}.Debug|Any CPU.ActiveCfg = Debug|Any CPU
		{B60E7C03-B5B7-488C-A258-835CC76A59A2}.Debug|Any CPU.Build.0 = Debug|Any CPU
		{B60E7C03-B5B7-488C-A258-835CC76A59A2}.Release|Any CPU.ActiveCfg = Release|Any CPU
		{B60E7C03-B5B7-488C-A258-835CC76A59A2}.Release|Any CPU.Build.0 = Release|Any CPU
		{8409C578-8697-410A-A323-EC74EE677D10}.Debug|Any CPU.ActiveCfg = Debug|Any CPU
		{8409C578-8697-410A-A323-EC74EE677D10}.Debug|Any CPU.Build.0 = Debug|Any CPU
		{8409C578-8697-410A-A323-EC74EE677D10}.Release|Any CPU.ActiveCfg = Release|Any CPU
		{8409C578-8697-410A-A323-EC74EE677D10}.Release|Any CPU.Build.0 = Release|Any CPU
		{D3FED82F-A927-4EAB-BBDF-F79016C81E20}.Debug|Any CPU.ActiveCfg = Debug|Any CPU
		{D3FED82F-A927-4EAB-BBDF-F79016C81E20}.Debug|Any CPU.Build.0 = Debug|Any CPU
		{D3FED82F-A927-4EAB-BBDF-F79016C81E20}.Release|Any CPU.ActiveCfg = Release|Any CPU
		{D3FED82F-A927-4EAB-BBDF-F79016C81E20}.Release|Any CPU.Build.0 = Release|Any CPU
		{9363B8D5-E39F-4CFF-89B5-3C33EF64AECF}.Debug|Any CPU.ActiveCfg = Debug|Any CPU
		{9363B8D5-E39F-4CFF-89B5-3C33EF64AECF}.Debug|Any CPU.Build.0 = Debug|Any CPU
		{9363B8D5-E39F-4CFF-89B5-3C33EF64AECF}.Release|Any CPU.ActiveCfg = Release|Any CPU
		{9363B8D5-E39F-4CFF-89B5-3C33EF64AECF}.Release|Any CPU.Build.0 = Release|Any CPU
		{BB309E27-25B1-43C7-A5DC-A7E461B16886}.Debug|Any CPU.ActiveCfg = Debug|Any CPU
		{BB309E27-25B1-43C7-A5DC-A7E461B16886}.Debug|Any CPU.Build.0 = Debug|Any CPU
		{BB309E27-25B1-43C7-A5DC-A7E461B16886}.Release|Any CPU.ActiveCfg = Release|Any CPU
		{BB309E27-25B1-43C7-A5DC-A7E461B16886}.Release|Any CPU.Build.0 = Release|Any CPU
		{04BD6243-E581-4675-A7D8-7915C884A666}.Debug|Any CPU.ActiveCfg = Debug|Any CPU
		{04BD6243-E581-4675-A7D8-7915C884A666}.Debug|Any CPU.Build.0 = Debug|Any CPU
		{04BD6243-E581-4675-A7D8-7915C884A666}.Release|Any CPU.ActiveCfg = Release|Any CPU
		{04BD6243-E581-4675-A7D8-7915C884A666}.Release|Any CPU.Build.0 = Release|Any CPU
		{871AB274-6C9F-4F3B-83CA-5ADB7E811E63}.Debug|Any CPU.ActiveCfg = Debug|Any CPU
		{871AB274-6C9F-4F3B-83CA-5ADB7E811E63}.Debug|Any CPU.Build.0 = Debug|Any CPU
		{871AB274-6C9F-4F3B-83CA-5ADB7E811E63}.Release|Any CPU.ActiveCfg = Release|Any CPU
		{871AB274-6C9F-4F3B-83CA-5ADB7E811E63}.Release|Any CPU.Build.0 = Release|Any CPU
		{3260E683-874D-497F-AF2D-1C0BB02AB832}.Debug|Any CPU.ActiveCfg = Debug|Any CPU
		{3260E683-874D-497F-AF2D-1C0BB02AB832}.Debug|Any CPU.Build.0 = Debug|Any CPU
		{3260E683-874D-497F-AF2D-1C0BB02AB832}.Release|Any CPU.ActiveCfg = Release|Any CPU
		{3260E683-874D-497F-AF2D-1C0BB02AB832}.Release|Any CPU.Build.0 = Release|Any CPU
		{4F70525D-44C3-4F45-8783-0242E4DA6166}.Debug|Any CPU.ActiveCfg = Debug|Any CPU
		{4F70525D-44C3-4F45-8783-0242E4DA6166}.Debug|Any CPU.Build.0 = Debug|Any CPU
		{4F70525D-44C3-4F45-8783-0242E4DA6166}.Release|Any CPU.ActiveCfg = Release|Any CPU
		{4F70525D-44C3-4F45-8783-0242E4DA6166}.Release|Any CPU.Build.0 = Release|Any CPU
		{0BD6B4EC-BE45-4C7D-82ED-282CD96F1F2D}.Debug|Any CPU.ActiveCfg = Debug|Any CPU
		{0BD6B4EC-BE45-4C7D-82ED-282CD96F1F2D}.Debug|Any CPU.Build.0 = Debug|Any CPU
		{0BD6B4EC-BE45-4C7D-82ED-282CD96F1F2D}.Release|Any CPU.ActiveCfg = Release|Any CPU
		{0BD6B4EC-BE45-4C7D-82ED-282CD96F1F2D}.Release|Any CPU.Build.0 = Release|Any CPU
		{765027BC-51C6-4564-9A90-9D63CB10B9C7}.Debug|Any CPU.ActiveCfg = Debug|Any CPU
		{765027BC-51C6-4564-9A90-9D63CB10B9C7}.Debug|Any CPU.Build.0 = Debug|Any CPU
		{765027BC-51C6-4564-9A90-9D63CB10B9C7}.Release|Any CPU.ActiveCfg = Release|Any CPU
		{765027BC-51C6-4564-9A90-9D63CB10B9C7}.Release|Any CPU.Build.0 = Release|Any CPU
		{8AFB56A0-3145-4D91-9805-8F358551CF05}.Debug|Any CPU.ActiveCfg = Debug|Any CPU
		{8AFB56A0-3145-4D91-9805-8F358551CF05}.Debug|Any CPU.Build.0 = Debug|Any CPU
		{8AFB56A0-3145-4D91-9805-8F358551CF05}.Release|Any CPU.ActiveCfg = Release|Any CPU
		{8AFB56A0-3145-4D91-9805-8F358551CF05}.Release|Any CPU.Build.0 = Release|Any CPU
		{7AA57369-7882-4300-939E-3B6445ED1057}.Debug|Any CPU.ActiveCfg = Debug|Any CPU
		{7AA57369-7882-4300-939E-3B6445ED1057}.Debug|Any CPU.Build.0 = Debug|Any CPU
		{7AA57369-7882-4300-939E-3B6445ED1057}.Release|Any CPU.ActiveCfg = Release|Any CPU
		{7AA57369-7882-4300-939E-3B6445ED1057}.Release|Any CPU.Build.0 = Release|Any CPU
		{EBE832EE-CBC5-47E0-ACC4-FBD3C491F66B}.Debug|Any CPU.ActiveCfg = Debug|Any CPU
		{EBE832EE-CBC5-47E0-ACC4-FBD3C491F66B}.Debug|Any CPU.Build.0 = Debug|Any CPU
		{EBE832EE-CBC5-47E0-ACC4-FBD3C491F66B}.Release|Any CPU.ActiveCfg = Release|Any CPU
		{EBE832EE-CBC5-47E0-ACC4-FBD3C491F66B}.Release|Any CPU.Build.0 = Release|Any CPU
		{05D91196-25E2-4115-B902-E8BA7AA26BD0}.Debug|Any CPU.ActiveCfg = Debug|Any CPU
		{05D91196-25E2-4115-B902-E8BA7AA26BD0}.Debug|Any CPU.Build.0 = Debug|Any CPU
		{05D91196-25E2-4115-B902-E8BA7AA26BD0}.Release|Any CPU.ActiveCfg = Release|Any CPU
		{05D91196-25E2-4115-B902-E8BA7AA26BD0}.Release|Any CPU.Build.0 = Release|Any CPU
		{B0066B3C-740E-4F08-BCA0-2D5CAFEABED1}.Debug|Any CPU.ActiveCfg = Debug|Any CPU
		{B0066B3C-740E-4F08-BCA0-2D5CAFEABED1}.Debug|Any CPU.Build.0 = Debug|Any CPU
		{B0066B3C-740E-4F08-BCA0-2D5CAFEABED1}.Release|Any CPU.ActiveCfg = Release|Any CPU
		{B0066B3C-740E-4F08-BCA0-2D5CAFEABED1}.Release|Any CPU.Build.0 = Release|Any CPU
	EndGlobalSection
	GlobalSection(SolutionProperties) = preSolution
		HideSolutionNode = FALSE
	EndGlobalSection
	GlobalSection(NestedProjects) = preSolution
		{23598980-98C9-458D-AA06-43FF989CC340} = {02EA681E-C7D8-13C7-8484-4AC65E1B71E8}
		{53420006-DD22-46DA-9277-0643E7F557F4} = {02EA681E-C7D8-13C7-8484-4AC65E1B71E8}
		{B60E7C03-B5B7-488C-A258-835CC76A59A2} = {02EA681E-C7D8-13C7-8484-4AC65E1B71E8}
		{8409C578-8697-410A-A323-EC74EE677D10} = {94B6C765-2A64-40A2-BA43-84B7C000C476}
		{D3FED82F-A927-4EAB-BBDF-F79016C81E20} = {94B6C765-2A64-40A2-BA43-84B7C000C476}
		{9363B8D5-E39F-4CFF-89B5-3C33EF64AECF} = {94B6C765-2A64-40A2-BA43-84B7C000C476}
		{BB309E27-25B1-43C7-A5DC-A7E461B16886} = {923924A3-2F9E-49D0-ABB6-CA550778059F}
		{04BD6243-E581-4675-A7D8-7915C884A666} = {923924A3-2F9E-49D0-ABB6-CA550778059F}
		{871AB274-6C9F-4F3B-83CA-5ADB7E811E63} = {923924A3-2F9E-49D0-ABB6-CA550778059F}
		{3260E683-874D-497F-AF2D-1C0BB02AB832} = {D9332809-270C-415B-BDB7-CBF929467CE2}
		{4F70525D-44C3-4F45-8783-0242E4DA6166} = {D9332809-270C-415B-BDB7-CBF929467CE2}
		{0BD6B4EC-BE45-4C7D-82ED-282CD96F1F2D} = {D9332809-270C-415B-BDB7-CBF929467CE2}
		{765027BC-51C6-4564-9A90-9D63CB10B9C7} = {5AA86065-4313-443A-9A4D-7F373FF228DD}
		{8AFB56A0-3145-4D91-9805-8F358551CF05} = {5AA86065-4313-443A-9A4D-7F373FF228DD}
		{7AA57369-7882-4300-939E-3B6445ED1057} = {5AA86065-4313-443A-9A4D-7F373FF228DD}
		{EBE832EE-CBC5-47E0-ACC4-FBD3C491F66B} = {14CBEF18-23F9-4BCC-B6FC-90DD8FB55EA2}
		{05D91196-25E2-4115-B902-E8BA7AA26BD0} = {14CBEF18-23F9-4BCC-B6FC-90DD8FB55EA2}
		{B0066B3C-740E-4F08-BCA0-2D5CAFEABED1} = {14CBEF18-23F9-4BCC-B6FC-90DD8FB55EA2}
	EndGlobalSection
	GlobalSection(ExtensibilityGlobals) = postSolution
		SolutionGuid = {6F4055E3-F4D5-40F5-8580-EF7D0460C16E}
	EndGlobalSection
EndGlobal
